
Microsoft Visual Studio Solution File, Format Version 12.00
# Visual Studio Version 17
VisualStudioVersion = 17.0.31912.275
MinimumVisualStudioVersion = 10.0.40219.1
Project("{9A19103F-16F7-4668-BE54-9A1E7A4F7556}") = "MultiVideoCam", "MultiVideoCam\MultiVideoCam.csproj", "{188D3DC7-B600-478E-BF75-37FE9AACA5E5}"
EndProject
Global
	GlobalSection(SolutionConfigurationPlatforms) = preSolution
		Debug|Any CPU = Debug|Any CPU
		Release|Any CPU = Release|Any CPU
	EndGlobalSection
	GlobalSection(ProjectConfigurationPlatforms) = postSolution
		{188D3DC7-B600-478E-BF75-37FE9AACA5E5}.Debug|Any CPU.ActiveCfg = Debug|Any CPU
		{188D3DC7-B600-478E-BF75-37FE9AACA5E5}.Debug|Any CPU.Build.0 = Debug|Any CPU
		{188D3DC7-B600-478E-BF75-37FE9AACA5E5}.Release|Any CPU.ActiveCfg = Release|Any CPU
		{188D3DC7-B600-478E-BF75-37FE9AACA5E5}.Release|Any CPU.Build.0 = Release|Any CPU
	EndGlobalSection
	GlobalSection(SolutionProperties) = preSolution
		HideSolutionNode = FALSE
	EndGlobalSection
	GlobalSection(ExtensibilityGlobals) = postSolution
		SolutionGuid = {87FD4D76-26CE-40E3-AC84-0E5F643DE47E}
	EndGlobalSection
EndGlobal
